// !$*UTF8*$!
{
	archiveVersion = 1;
	classes = {
	};
	objectVersion = 46;
	objects = {

/* Begin PBXBuildFile section */
		A91ECB6617567EFC00264D54 /* UIKit.framework in Frameworks */ = {isa = PBXBuildFile; fileRef = A91ECB6517567EFC00264D54 /* UIKit.framework */; };
		A91ECB6817567EFC00264D54 /* Foundation.framework in Frameworks */ = {isa = PBXBuildFile; fileRef = A91ECB6717567EFC00264D54 /* Foundation.framework */; };
		A91ECB6A17567EFC00264D54 /* CoreGraphics.framework in Frameworks */ = {isa = PBXBuildFile; fileRef = A91ECB6917567EFC00264D54 /* CoreGraphics.framework */; };
		A91ECB7017567EFC00264D54 /* InfoPlist.strings in Resources */ = {isa = PBXBuildFile; fileRef = A91ECB6E17567EFC00264D54 /* InfoPlist.strings */; };
		A91ECB7217567EFC00264D54 /* main.m in Sources */ = {isa = PBXBuildFile; fileRef = A91ECB7117567EFC00264D54 /* main.m */; };
		A91ECB7617567EFC00264D54 /* AppDelegate.m in Sources */ = {isa = PBXBuildFile; fileRef = A91ECB7517567EFC00264D54 /* AppDelegate.m */; };
		A91ECB7817567EFC00264D54 /* Default.png in Resources */ = {isa = PBXBuildFile; fileRef = A91ECB7717567EFC00264D54 /* Default.png */; };
		A91ECB7A17567EFC00264D54 /* Default@2x.png in Resources */ = {isa = PBXBuildFile; fileRef = A91ECB7917567EFC00264D54 /* Default@2x.png */; };
		A91ECB7C17567EFC00264D54 /* Default-568h@2x.png in Resources */ = {isa = PBXBuildFile; fileRef = A91ECB7B17567EFC00264D54 /* Default-568h@2x.png */; };
		A91ECB7F17567EFC00264D54 /* MainStoryboard.storyboard in Resources */ = {isa = PBXBuildFile; fileRef = A91ECB7D17567EFC00264D54 /* MainStoryboard.storyboard */; };
		A91ECB8217567EFC00264D54 /* FirstViewController.m in Sources */ = {isa = PBXBuildFile; fileRef = A91ECB8117567EFC00264D54 /* FirstViewController.m */; };
		A91ECB8417567EFC00264D54 /* first.png in Resources */ = {isa = PBXBuildFile; fileRef = A91ECB8317567EFC00264D54 /* first.png */; };
		A91ECB8617567EFC00264D54 /* first@2x.png in Resources */ = {isa = PBXBuildFile; fileRef = A91ECB8517567EFC00264D54 /* first@2x.png */; };
		A91ECB8917567EFC00264D54 /* SecondViewController.m in Sources */ = {isa = PBXBuildFile; fileRef = A91ECB8817567EFC00264D54 /* SecondViewController.m */; };
		A91ECB8B17567EFC00264D54 /* second.png in Resources */ = {isa = PBXBuildFile; fileRef = A91ECB8A17567EFC00264D54 /* second.png */; };
		A91ECB8D17567EFC00264D54 /* second@2x.png in Resources */ = {isa = PBXBuildFile; fileRef = A91ECB8C17567EFC00264D54 /* second@2x.png */; };
/* End PBXBuildFile section */

/* Begin PBXFileReference section */
		A91ECB6217567EFC00264D54 /* Tab.app */ = {isa = PBXFileReference; explicitFileType = wrapper.application; includeInIndex = 0; path = Tab.app; sourceTree = BUILT_PRODUCTS_DIR; };
		A91ECB6517567EFC00264D54 /* UIKit.framework */ = {isa = PBXFileReference; lastKnownFileType = wrapper.framework; name = UIKit.framework; path = System/Library/Frameworks/UIKit.framework; sourceTree = SDKROOT; };
		A91ECB6717567EFC00264D54 /* Foundation.framework */ = {isa = PBXFileReference; lastKnownFileType = wrapper.framework; name = Foundation.framework; path = System/Library/Frameworks/Foundation.framework; sourceTree = SDKROOT; };
		A91ECB6917567EFC00264D54 /* CoreGraphics.framework */ = {isa = PBXFileReference; lastKnownFileType = wrapper.framework; name = CoreGraphics.framework; path = System/Library/Frameworks/CoreGraphics.framework; sourceTree = SDKROOT; };
		A91ECB6D17567EFC00264D54 /* Tab-Info.plist */ = {isa = PBXFileReference; lastKnownFileType = text.plist.xml; path = "Tab-Info.plist"; sourceTree = "<group>"; };
		A91ECB6F17567EFC00264D54 /* en */ = {isa = PBXFileReference; lastKnownFileType = text.plist.strings; name = en; path = en.lproj/InfoPlist.strings; sourceTree = "<group>"; };
		A91ECB7117567EFC00264D54 /* main.m */ = {isa = PBXFileReference; lastKnownFileType = sourcecode.c.objc; path = main.m; sourceTree = "<group>"; };
		A91ECB7317567EFC00264D54 /* Tab-Prefix.pch */ = {isa = PBXFileReference; lastKnownFileType = sourcecode.c.h; path = "Tab-Prefix.pch"; sourceTree = "<group>"; };
		A91ECB7417567EFC00264D54 /* AppDelegate.h */ = {isa = PBXFileReference; lastKnownFileType = sourcecode.c.h; path = AppDelegate.h; sourceTree = "<group>"; };
		A91ECB7517567EFC00264D54 /* AppDelegate.m */ = {isa = PBXFileReference; lastKnownFileType = sourcecode.c.objc; path = AppDelegate.m; sourceTree = "<group>"; };
		A91ECB7717567EFC00264D54 /* Default.png */ = {isa = PBXFileReference; lastKnownFileType = image.png; path = Default.png; sourceTree = "<group>"; };
		A91ECB7917567EFC00264D54 /* Default@2x.png */ = {isa = PBXFileReference; lastKnownFileType = image.png; path = "Default@2x.png"; sourceTree = "<group>"; };
		A91ECB7B17567EFC00264D54 /* Default-568h@2x.png */ = {isa = PBXFileReference; lastKnownFileType = image.png; path = "Default-568h@2x.png"; sourceTree = "<group>"; };
		A91ECB7E17567EFC00264D54 /* en */ = {isa = PBXFileReference; lastKnownFileType = file.storyboard; name = en; path = en.lproj/MainStoryboard.storyboard; sourceTree = "<group>"; };
		A91ECB8017567EFC00264D54 /* FirstViewController.h */ = {isa = PBXFileReference; lastKnownFileType = sourcecode.c.h; path = FirstViewController.h; sourceTree = "<group>"; };
		A91ECB8117567EFC00264D54 /* FirstViewController.m */ = {isa = PBXFileReference; lastKnownFileType = sourcecode.c.objc; path = FirstViewController.m; sourceTree = "<group>"; };
		A91ECB8317567EFC00264D54 /* first.png */ = {isa = PBXFileReference; lastKnownFileType = image.png; path = first.png; sourceTree = "<group>"; };
		A91ECB8517567EFC00264D54 /* first@2x.png */ = {isa = PBXFileReference; lastKnownFileType = image.png; path = "first@2x.png"; sourceTree = "<group>"; };
		A91ECB8717567EFC00264D54 /* SecondViewController.h */ = {isa = PBXFileReference; lastKnownFileType = sourcecode.c.h; path = SecondViewController.h; sourceTree = "<group>"; };
		A91ECB8817567EFC00264D54 /* SecondViewController.m */ = {isa = PBXFileReference; lastKnownFileType = sourcecode.c.objc; path = SecondViewController.m; sourceTree = "<group>"; };
		A91ECB8A17567EFC00264D54 /* second.png */ = {isa = PBXFileReference; lastKnownFileType = image.png; path = second.png; sourceTree = "<group>"; };
		A91ECB8C17567EFC00264D54 /* second@2x.png */ = {isa = PBXFileReference; lastKnownFileType = image.png; path = "second@2x.png"; sourceTree = "<group>"; };
/* End PBXFileReference section */

/* Begin PBXFrameworksBuildPhase section */
		A91ECB5F17567EFC00264D54 /* Frameworks */ = {
			isa = PBXFrameworksBuildPhase;
			buildActionMask = 2147483647;
			files = (
				A91ECB6617567EFC00264D54 /* UIKit.framework in Frameworks */,
				A91ECB6817567EFC00264D54 /* Foundation.framework in Frameworks */,
				A91ECB6A17567EFC00264D54 /* CoreGraphics.framework in Frameworks */,
			);
			runOnlyForDeploymentPostprocessing = 0;
		};
/* End PBXFrameworksBuildPhase section */

/* Begin PBXGroup section */
		A91ECB5917567EFC00264D54 = {
			isa = PBXGroup;
			children = (
				A91ECB6B17567EFC00264D54 /* Tab */,
				A91ECB6417567EFC00264D54 /* Frameworks */,
				A91ECB6317567EFC00264D54 /* Products */,
			);
			sourceTree = "<group>";
		};
		A91ECB6317567EFC00264D54 /* Products */ = {
			isa = PBXGroup;
			children = (
				A91ECB6217567EFC00264D54 /* Tab.app */,
			);
			name = Products;
			sourceTree = "<group>";
		};
		A91ECB6417567EFC00264D54 /* Frameworks */ = {
			isa = PBXGroup;
			children = (
				A91ECB6517567EFC00264D54 /* UIKit.framework */,
				A91ECB6717567EFC00264D54 /* Foundation.framework */,
				A91ECB6917567EFC00264D54 /* CoreGraphics.framework */,
			);
			name = Frameworks;
			sourceTree = "<group>";
		};
		A91ECB6B17567EFC00264D54 /* Tab */ = {
			isa = PBXGroup;
			children = (
				A91ECB7417567EFC00264D54 /* AppDelegate.h */,
				A91ECB7517567EFC00264D54 /* AppDelegate.m */,
				A91ECB7D17567EFC00264D54 /* MainStoryboard.storyboard */,
				A91ECB8017567EFC00264D54 /* FirstViewController.h */,
				A91ECB8117567EFC00264D54 /* FirstViewController.m */,
				A91ECB8317567EFC00264D54 /* first.png */,
				A91ECB8517567EFC00264D54 /* first@2x.png */,
				A91ECB8717567EFC00264D54 /* SecondViewController.h */,
				A91ECB8817567EFC00264D54 /* SecondViewController.m */,
				A91ECB8A17567EFC00264D54 /* second.png */,
				A91ECB8C17567EFC00264D54 /* second@2x.png */,
				A91ECB6C17567EFC00264D54 /* Supporting Files */,
			);
			path = Tab;
			sourceTree = "<group>";
		};
		A91ECB6C17567EFC00264D54 /* Supporting Files */ = {
			isa = PBXGroup;
			children = (
				A91ECB6D17567EFC00264D54 /* Tab-Info.plist */,
				A91ECB6E17567EFC00264D54 /* InfoPlist.strings */,
				A91ECB7117567EFC00264D54 /* main.m */,
				A91ECB7317567EFC00264D54 /* Tab-Prefix.pch */,
				A91ECB7717567EFC00264D54 /* Default.png */,
				A91ECB7917567EFC00264D54 /* Default@2x.png */,
				A91ECB7B17567EFC00264D54 /* Default-568h@2x.png */,
			);
			name = "Supporting Files";
			sourceTree = "<group>";
		};
/* End PBXGroup section */

/* Begin PBXNativeTarget section */
		A91ECB6117567EFC00264D54 /* Tab */ = {
			isa = PBXNativeTarget;
			buildConfigurationList = A91ECB9017567EFC00264D54 /* Build configuration list for PBXNativeTarget "Tab" */;
			buildPhases = (
				A91ECB5E17567EFC00264D54 /* Sources */,
				A91ECB5F17567EFC00264D54 /* Frameworks */,
				A91ECB6017567EFC00264D54 /* Resources */,
			);
			buildRules = (
			);
			dependencies = (
			);
			name = Tab;
			productName = Tab;
			productReference = A91ECB6217567EFC00264D54 /* Tab.app */;
			productType = "com.apple.product-type.application";
		};
/* End PBXNativeTarget section */

/* Begin PBXProject section */
		A91ECB5A17567EFC00264D54 /* Project object */ = {
			isa = PBXProject;
			attributes = {
				LastUpgradeCheck = 0460;
				ORGANIZATIONNAME = "Mobile Makers";
			};
			buildConfigurationList = A91ECB5D17567EFC00264D54 /* Build configuration list for PBXProject "Tab" */;
			compatibilityVersion = "Xcode 3.2";
			developmentRegion = English;
			hasScannedForEncodings = 0;
			knownRegions = (
				en,
			);
			mainGroup = A91ECB5917567EFC00264D54;
			productRefGroup = A91ECB6317567EFC00264D54 /* Products */;
			projectDirPath = "";
			projectRoot = "";
			targets = (
				A91ECB6117567EFC00264D54 /* Tab */,
			);
		};
/* End PBXProject section */

/* Begin PBXResourcesBuildPhase section */
		A91ECB6017567EFC00264D54 /* Resources */ = {
			isa = PBXResourcesBuildPhase;
			buildActionMask = 2147483647;
			files = (
				A91ECB7017567EFC00264D54 /* InfoPlist.strings in Resources */,
				A91ECB7817567EFC00264D54 /* Default.png in Resources */,
				A91ECB7A17567EFC00264D54 /* Default@2x.png in Resources */,
				A91ECB7C17567EFC00264D54 /* Default-568h@2x.png in Resources */,
				A91ECB7F17567EFC00264D54 /* MainStoryboard.storyboard in Resources */,
				A91ECB8417567EFC00264D54 /* first.png in Resources */,
				A91ECB8617567EFC00264D54 /* first@2x.png in Resources */,
				A91ECB8B17567EFC00264D54 /* second.png in Resources */,
				A91ECB8D17567EFC00264D54 /* second@2x.png in Resources */,
			);
			runOnlyForDeploymentPostprocessing = 0;
		};
/* End PBXResourcesBuildPhase section */

/* Begin PBXSourcesBuildPhase section */
		A91ECB5E17567EFC00264D54 /* Sources */ = {
			isa = PBXSourcesBuildPhase;
			buildActionMask = 2147483647;
			files = (
				A91ECB7217567EFC00264D54 /* main.m in Sources */,
				A91ECB7617567EFC00264D54 /* AppDelegate.m in Sources */,
				A91ECB8217567EFC00264D54 /* FirstViewController.m in Sources */,
				A91ECB8917567EFC00264D54 /* SecondViewController.m in Sources */,
			);
			runOnlyForDeploymentPostprocessing = 0;
		};
/* End PBXSourcesBuildPhase section */

/* Begin PBXVariantGroup section */
		A91ECB6E17567EFC00264D54 /* InfoPlist.strings */ = {
			isa = PBXVariantGroup;
			children = (
				A91ECB6F17567EFC00264D54 /* en */,
			);
			name = InfoPlist.strings;
			sourceTree = "<group>";
		};
		A91ECB7D17567EFC00264D54 /* MainStoryboard.storyboard */ = {
			isa = PBXVariantGroup;
			children = (
				A91ECB7E17567EFC00264D54 /* en */,
			);
			name = MainStoryboard.storyboard;
			sourceTree = "<group>";
		};
/* End PBXVariantGroup section */

/* Begin XCBuildConfiguration section */
		A91ECB8E17567EFC00264D54 /* Debug */ = {
			isa = XCBuildConfiguration;
			buildSettings = {
				ALWAYS_SEARCH_USER_PATHS = NO;
				CLANG_CXX_LANGUAGE_STANDARD = "gnu++0x";
				CLANG_CXX_LIBRARY = "libc++";
				CLANG_ENABLE_OBJC_ARC = YES;
				CLANG_WARN_CONSTANT_CONVERSION = YES;
				CLANG_WARN_EMPTY_BODY = YES;
				CLANG_WARN_ENUM_CONVERSION = YES;
				CLANG_WARN_INT_CONVERSION = YES;
				CLANG_WARN__DUPLICATE_METHOD_MATCH = YES;
				"CODE_SIGN_IDENTITY[sdk=iphoneos*]" = "iPhone Developer";
				COPY_PHASE_STRIP = NO;
				GCC_C_LANGUAGE_STANDARD = gnu99;
				GCC_DYNAMIC_NO_PIC = NO;
				GCC_OPTIMIZATION_LEVEL = 0;
				GCC_PREPROCESSOR_DEFINITIONS = (
					"DEBUG=1",
					"$(inherited)",
				);
				GCC_SYMBOLS_PRIVATE_EXTERN = NO;
				GCC_WARN_ABOUT_RETURN_TYPE = YES;
				GCC_WARN_UNINITIALIZED_AUTOS = YES;
				GCC_WARN_UNUSED_VARIABLE = YES;
				IPHONEOS_DEPLOYMENT_TARGET = 6.1;
				ONLY_ACTIVE_ARCH = YES;
				SDKROOT = iphoneos;
			};
			name = Debug;
		};
		A91ECB8F17567EFC00264D54 /* Release */ = {
			isa = XCBuildConfiguration;
			buildSettings = {
				ALWAYS_SEARCH_USER_PATHS = NO;
				CLANG_CXX_LANGUAGE_STANDARD = "gnu++0x";
				CLANG_CXX_LIBRARY = "libc++";
				CLANG_ENABLE_OBJC_ARC = YES;
				CLANG_WARN_CONSTANT_CONVERSION = YES;
				CLANG_WARN_EMPTY_BODY = YES;
				CLANG_WARN_ENUM_CONVERSION = YES;
				CLANG_WARN_INT_CONVERSION = YES;
				CLANG_WARN__DUPLICATE_METHOD_MATCH = YES;
				"CODE_SIGN_IDENTITY[sdk=iphoneos*]" = "iPhone Developer";
				COPY_PHASE_STRIP = YES;
				GCC_C_LANGUAGE_STANDARD = gnu99;
				GCC_WARN_ABOUT_RETURN_TYPE = YES;
				GCC_WARN_UNINITIALIZED_AUTOS = YES;
				GCC_WARN_UNUSED_VARIABLE = YES;
				IPHONEOS_DEPLOYMENT_TARGET = 6.1;
				OTHER_CFLAGS = "-DNS_BLOCK_ASSERTIONS=1";
				SDKROOT = iphoneos;
				VALIDATE_PRODUCT = YES;
			};
			name = Release;
		};
		A91ECB9117567EFC00264D54 /* Debug */ = {
			isa = XCBuildConfiguration;
			buildSettings = {
				GCC_PRECOMPILE_PREFIX_HEADER = YES;
				GCC_PREFIX_HEADER = "Tab/Tab-Prefix.pch";
				INFOPLIST_FILE = "Tab/Tab-Info.plist";
				PRODUCT_NAME = "$(TARGET_NAME)";
				WRAPPER_EXTENSION = app;
			};
			name = Debug;
		};
		A91ECB9217567EFC00264D54 /* Release */ = {
			isa = XCBuildConfiguration;
			buildSettings = {
				GCC_PRECOMPILE_PREFIX_HEADER = YES;
				GCC_PREFIX_HEADER = "Tab/Tab-Prefix.pch";
				INFOPLIST_FILE = "Tab/Tab-Info.plist";
				PRODUCT_NAME = "$(TARGET_NAME)";
				WRAPPER_EXTENSION = app;
			};
			name = Release;
		};
/* End XCBuildConfiguration section */

/* Begin XCConfigurationList section */
		A91ECB5D17567EFC00264D54 /* Build configuration list for PBXProject "Tab" */ = {
			isa = XCConfigurationList;
			buildConfigurations = (
				A91ECB8E17567EFC00264D54 /* Debug */,
				A91ECB8F17567EFC00264D54 /* Release */,
			);
			defaultConfigurationIsVisible = 0;
			defaultConfigurationName = Release;
		};
		A91ECB9017567EFC00264D54 /* Build configuration list for PBXNativeTarget "Tab" */ = {
			isa = XCConfigurationList;
			buildConfigurations = (
				A91ECB9117567EFC00264D54 /* Debug */,
				A91ECB9217567EFC00264D54 /* Release */,
			);
			defaultConfigurationIsVisible = 0;
		};
/* End XCConfigurationList section */
	};
	rootObject = A91ECB5A17567EFC00264D54 /* Project object */;
}
